
Microsoft Visual Studio Solution File, Format Version 12.00
# Visual Studio Version 17
VisualStudioVersion = 17.0.31903.59
MinimumVisualStudioVersion = 10.0.40219.1
Project("{2150E333-8FDC-42A3-9474-1A3956D46DE8}") = "src", "src", "{827E0CD3-B72D-47B6-A68D-7590B98EB39B}"
EndProject
Project("{FAE04EC0-301F-11D3-BF4B-00C04F79EFBC}") = "AutoPower.Agent", "src\AutoPower.Agent\AutoPower.Agent.csproj", "{A1B0E879-EAC4-4325-B96B-3F1DC7C3CE1F}"
EndProject
Project("{FAE04EC0-301F-11D3-BF4B-00C04F79EFBC}") = "AutoPower.App", "src\AutoPower.App\AutoPower.App.csproj", "{21ECF418-09CA-4B43-B4C4-C205197FE568}"
EndProject
Project("{FAE04EC0-301F-11D3-BF4B-00C04F79EFBC}") = "AutoPower.Core", "src\AutoPower.Core\AutoPower.Core.csproj", "{E8A0A283-6FDE-4C3D-B73F-B60EBF8FF2FE}"
EndProject
Project("{FAE04EC0-301F-11D3-BF4B-00C04F79EFBC}") = "AutoPower.Data", "src\AutoPower.Data\AutoPower.Data.csproj", "{64FE90DF-B417-44DF-95F9-135774F205DA}"
EndProject
Project("{FAE04EC0-301F-11D3-BF4B-00C04F79EFBC}") = "AutoPower.Helper", "src\AutoPower.Helper\AutoPower.Helper.csproj", "{5515085A-B75A-4367-B314-FF800DCA5E63}"
EndProject
Project("{FAE04EC0-301F-11D3-BF4B-00C04F79EFBC}") = "AutoPower.Windows", "src\AutoPower.Windows\AutoPower.Windows.csproj", "{512159D2-C18E-4902-86C4-ACC9C3B3E021}"
EndProject
Project("{2150E333-8FDC-42A3-9474-1A3956D46DE8}") = "tests", "tests", "{0AB3BF05-4346-4AA6-1389-037BE0695223}"
EndProject
Project("{FAE04EC0-301F-11D3-BF4B-00C04F79EFBC}") = "AutoPower.Tests", "tests\AutoPower.Tests\AutoPower.Tests.csproj", "{6E8FBD8D-8702-400B-9692-2D3C848421D9}"
EndProject
Global
	GlobalSection(SolutionConfigurationPlatforms) = preSolution
		Debug|Any CPU = Debug|Any CPU
		Debug|x64 = Debug|x64
		Debug|x86 = Debug|x86
		Release|Any CPU = Release|Any CPU
		Release|x64 = Release|x64
		Release|x86 = Release|x86
	EndGlobalSection
	GlobalSection(ProjectConfigurationPlatforms) = postSolution
		{A1B0E879-EAC4-4325-B96B-3F1DC7C3CE1F}.Debug|Any CPU.ActiveCfg = Debug|Any CPU
		{A1B0E879-EAC4-4325-B96B-3F1DC7C3CE1F}.Debug|Any CPU.Build.0 = Debug|Any CPU
		{A1B0E879-EAC4-4325-B96B-3F1DC7C3CE1F}.Debug|x64.ActiveCfg = Debug|Any CPU
		{A1B0E879-EAC4-4325-B96B-3F1DC7C3CE1F}.Debug|x64.Build.0 = Debug|Any CPU
		{A1B0E879-EAC4-4325-B96B-3F1DC7C3CE1F}.Debug|x86.ActiveCfg = Debug|Any CPU
		{A1B0E879-EAC4-4325-B96B-3F1DC7C3CE1F}.Debug|x86.Build.0 = Debug|Any CPU
		{A1B0E879-EAC4-4325-B96B-3F1DC7C3CE1F}.Release|Any CPU.ActiveCfg = Release|Any CPU
		{A1B0E879-EAC4-4325-B96B-3F1DC7C3CE1F}.Release|Any CPU.Build.0 = Release|Any CPU
		{A1B0E879-EAC4-4325-B96B-3F1DC7C3CE1F}.Release|x64.ActiveCfg = Release|Any CPU
		{A1B0E879-EAC4-4325-B96B-3F1DC7C3CE1F}.Release|x64.Build.0 = Release|Any CPU
		{A1B0E879-EAC4-4325-B96B-3F1DC7C3CE1F}.Release|x86.ActiveCfg = Release|Any CPU
		{A1B0E879-EAC4-4325-B96B-3F1DC7C3CE1F}.Release|x86.Build.0 = Release|Any CPU
		{21ECF418-09CA-4B43-B4C4-C205197FE568}.Debug|Any CPU.ActiveCfg = Debug|Any CPU
		{21ECF418-09CA-4B43-B4C4-C205197FE568}.Debug|Any CPU.Build.0 = Debug|Any CPU
		{21ECF418-09CA-4B43-B4C4-C205197FE568}.Debug|x64.ActiveCfg = Debug|Any CPU
		{21ECF418-09CA-4B43-B4C4-C205197FE568}.Debug|x64.Build.0 = Debug|Any CPU
		{21ECF418-09CA-4B43-B4C4-C205197FE568}.Debug|x86.ActiveCfg = Debug|Any CPU
		{21ECF418-09CA-4B43-B4C4-C205197FE568}.Debug|x86.Build.0 = Debug|Any CPU
		{21ECF418-09CA-4B43-B4C4-C205197FE568}.Release|Any CPU.ActiveCfg = Release|Any CPU
		{21ECF418-09CA-4B43-B4C4-C205197FE568}.Release|Any CPU.Build.0 = Release|Any CPU
		{21ECF418-09CA-4B43-B4C4-C205197FE568}.Release|x64.ActiveCfg = Release|Any CPU
		{21ECF418-09CA-4B43-B4C4-C205197FE568}.Release|x64.Build.0 = Release|Any CPU
		{21ECF418-09CA-4B43-B4C4-C205197FE568}.Release|x86.ActiveCfg = Release|Any CPU
		{21ECF418-09CA-4B43-B4C4-C205197FE568}.Release|x86.Build.0 = Release|Any CPU
		{E8A0A283-6FDE-4C3D-B73F-B60EBF8FF2FE}.Debug|Any CPU.ActiveCfg = Debug|Any CPU
		{E8A0A283-6FDE-4C3D-B73F-B60EBF8FF2FE}.Debug|Any CPU.Build.0 = Debug|Any CPU
		{E8A0A283-6FDE-4C3D-B73F-B60EBF8FF2FE}.Debug|x64.ActiveCfg = Debug|Any CPU
		{E8A0A283-6FDE-4C3D-B73F-B60EBF8FF2FE}.Debug|x64.Build.0 = Debug|Any CPU
		{E8A0A283-6FDE-4C3D-B73F-B60EBF8FF2FE}.Debug|x86.ActiveCfg = Debug|Any CPU
		{E8A0A283-6FDE-4C3D-B73F-B60EBF8FF2FE}.Debug|x86.Build.0 = Debug|Any CPU
		{E8A0A283-6FDE-4C3D-B73F-B60EBF8FF2FE}.Release|Any CPU.ActiveCfg = Release|Any CPU
		{E8A0A283-6FDE-4C3D-B73F-B60EBF8FF2FE}.Release|Any CPU.Build.0 = Release|Any CPU
		{E8A0A283-6FDE-4C3D-B73F-B60EBF8FF2FE}.Release|x64.ActiveCfg = Release|Any CPU
		{E8A0A283-6FDE-4C3D-B73F-B60EBF8FF2FE}.Release|x64.Build.0 = Release|Any CPU
		{E8A0A283-6FDE-4C3D-B73F-B60EBF8FF2FE}.Release|x86.ActiveCfg = Release|Any CPU
		{E8A0A283-6FDE-4C3D-B73F-B60EBF8FF2FE}.Release|x86.Build.0 = Release|Any CPU
		{64FE90DF-B417-44DF-95F9-135774F205DA}.Debug|Any CPU.ActiveCfg = Debug|Any CPU
		{64FE90DF-B417-44DF-95F9-135774F205DA}.Debug|Any CPU.Build.0 = Debug|Any CPU
		{64FE90DF-B417-44DF-95F9-135774F205DA}.Debug|x64.ActiveCfg = Debug|Any CPU
		{64FE90DF-B417-44DF-95F9-135774F205DA}.Debug|x64.Build.0 = Debug|Any CPU
		{64FE90DF-B417-44DF-95F9-135774F205DA}.Debug|x86.ActiveCfg = Debug|Any CPU
		{64FE90DF-B417-44DF-95F9-135774F205DA}.Debug|x86.Build.0 = Debug|Any CPU
		{64FE90DF-B417-44DF-95F9-135774F205DA}.Release|Any CPU.ActiveCfg = Release|Any CPU
		{64FE90DF-B417-44DF-95F9-135774F205DA}.Release|Any CPU.Build.0 = Release|Any CPU
		{64FE90DF-B417-44DF-95F9-135774F205DA}.Release|x64.ActiveCfg = Release|Any CPU
		{64FE90DF-B417-44DF-95F9-135774F205DA}.Release|x64.Build.0 = Release|Any CPU
		{64FE90DF-B417-44DF-95F9-135774F205DA}.Release|x86.ActiveCfg = Release|Any CPU
		{64FE90DF-B417-44DF-95F9-135774F205DA}.Release|x86.Build.0 = Release|Any CPU
		{5515085A-B75A-4367-B314-FF800DCA5E63}.Debug|Any CPU.ActiveCfg = Debug|Any CPU
		{5515085A-B75A-4367-B314-FF800DCA5E63}.Debug|Any CPU.Build.0 = Debug|Any CPU
		{5515085A-B75A-4367-B314-FF800DCA5E63}.Debug|x64.ActiveCfg = Debug|Any CPU
		{5515085A-B75A-4367-B314-FF800DCA5E63}.Debug|x64.Build.0 = Debug|Any CPU
		{5515085A-B75A-4367-B314-FF800DCA5E63}.Debug|x86.ActiveCfg = Debug|Any CPU
		{5515085A-B75A-4367-B314-FF800DCA5E63}.Debug|x86.Build.0 = Debug|Any CPU
		{5515085A-B75A-4367-B314-FF800DCA5E63}.Release|Any CPU.ActiveCfg = Release|Any CPU
		{5515085A-B75A-4367-B314-FF800DCA5E63}.Release|Any CPU.Build.0 = Release|Any CPU
		{5515085A-B75A-4367-B314-FF800DCA5E63}.Release|x64.ActiveCfg = Release|Any CPU
		{5515085A-B75A-4367-B314-FF800DCA5E63}.Release|x64.Build.0 = Release|Any CPU
		{5515085A-B75A-4367-B314-FF800DCA5E63}.Release|x86.ActiveCfg = Release|Any CPU
		{5515085A-B75A-4367-B314-FF800DCA5E63}.Release|x86.Build.0 = Release|Any CPU
		{512159D2-C18E-4902-86C4-ACC9C3B3E021}.Debug|Any CPU.ActiveCfg = Debug|Any CPU
		{512159D2-C18E-4902-86C4-ACC9C3B3E021}.Debug|Any CPU.Build.0 = Debug|Any CPU
		{512159D2-C18E-4902-86C4-ACC9C3B3E021}.Debug|x64.ActiveCfg = Debug|Any CPU
		{512159D2-C18E-4902-86C4-ACC9C3B3E021}.Debug|x64.Build.0 = Debug|Any CPU
		{512159D2-C18E-4902-86C4-ACC9C3B3E021}.Debug|x86.ActiveCfg = Debug|Any CPU
		{512159D2-C18E-4902-86C4-ACC9C3B3E021}.Debug|x86.Build.0 = Debug|Any CPU
		{512159D2-C18E-4902-86C4-ACC9C3B3E021}.Release|Any CPU.ActiveCfg = Release|Any CPU
		{512159D2-C18E-4902-86C4-ACC9C3B3E021}.Release|Any CPU.Build.0 = Release|Any CPU
		{512159D2-C18E-4902-86C4-ACC9C3B3E021}.Release|x64.ActiveCfg = Release|Any CPU
		{512159D2-C18E-4902-86C4-ACC9C3B3E021}.Release|x64.Build.0 = Release|Any CPU
		{512159D2-C18E-4902-86C4-ACC9C3B3E021}.Release|x86.ActiveCfg = Release|Any CPU
		{512159D2-C18E-4902-86C4-ACC9C3B3E021}.Release|x86.Build.0 = Release|Any CPU
		{6E8FBD8D-8702-400B-9692-2D3C848421D9}.Debug|Any CPU.ActiveCfg = Debug|Any CPU
		{6E8FBD8D-8702-400B-9692-2D3C848421D9}.Debug|Any CPU.Build.0 = Debug|Any CPU
		{6E8FBD8D-8702-400B-9692-2D3C848421D9}.Debug|x64.ActiveCfg = Debug|Any CPU
		{6E8FBD8D-8702-400B-9692-2D3C848421D9}.Debug|x64.Build.0 = Debug|Any CPU
		{6E8FBD8D-8702-400B-9692-2D3C848421D9}.Debug|x86.ActiveCfg = Debug|Any CPU
		{6E8FBD8D-8702-400B-9692-2D3C848421D9}.Debug|x86.Build.0 = Debug|Any CPU
		{6E8FBD8D-8702-400B-9692-2D3C848421D9}.Release|Any CPU.ActiveCfg = Release|Any CPU
		{6E8FBD8D-8702-400B-9692-2D3C848421D9}.Release|Any CPU.Build.0 = Release|Any CPU
		{6E8FBD8D-8702-400B-9692-2D3C848421D9}.Release|x64.ActiveCfg = Release|Any CPU
		{6E8FBD8D-8702-400B-9692-2D3C848421D9}.Release|x64.Build.0 = Release|Any CPU
		{6E8FBD8D-8702-400B-9692-2D3C848421D9}.Release|x86.ActiveCfg = Release|Any CPU
		{6E8FBD8D-8702-400B-9692-2D3C848421D9}.Release|x86.Build.0 = Release|Any CPU
	EndGlobalSection
	GlobalSection(SolutionProperties) = preSolution
		HideSolutionNode = FALSE
	EndGlobalSection
	GlobalSection(NestedProjects) = preSolution
		{A1B0E879-EAC4-4325-B96B-3F1DC7C3CE1F} = {827E0CD3-B72D-47B6-A68D-7590B98EB39B}
		{21ECF418-09CA-4B43-B4C4-C205197FE568} = {827E0CD3-B72D-47B6-A68D-7590B98EB39B}
		{E8A0A283-6FDE-4C3D-B73F-B60EBF8FF2FE} = {827E0CD3-B72D-47B6-A68D-7590B98EB39B}
		{64FE90DF-B417-44DF-95F9-135774F205DA} = {827E0CD3-B72D-47B6-A68D-7590B98EB39B}
		{5515085A-B75A-4367-B314-FF800DCA5E63} = {827E0CD3-B72D-47B6-A68D-7590B98EB39B}
		{512159D2-C18E-4902-86C4-ACC9C3B3E021} = {827E0CD3-B72D-47B6-A68D-7590B98EB39B}
		{6E8FBD8D-8702-400B-9692-2D3C848421D9} = {0AB3BF05-4346-4AA6-1389-037BE0695223}
	EndGlobalSection
EndGlobal
